
Microsoft Visual Studio Solution File, Format Version 12.00
# Visual Studio Version 17
VisualStudioVersion = 17.6.33723.286
MinimumVisualStudioVersion = 10.0.40219.1
Project("{FAE04EC0-301F-11D3-BF4B-00C04F79EFBC}") = "AnzuService", "AnzuService\AnzuService.csproj", "{3A477E03-9489-41B6-B431-805F889A465B}"
EndProject
Global
	GlobalSection(SolutionConfigurationPlatforms) = preSolution
		Debug|Any CPU = Debug|Any CPU
		Debug|x64 = Debug|x64
		Release|Any CPU = Release|Any CPU
		Release|x64 = Release|x64
	EndGlobalSection
	GlobalSection(ProjectConfigurationPlatforms) = postSolution
		{3A477E03-9489-41B6-B431-805F889A465B}.Debug|Any CPU.ActiveCfg = Debug|Any CPU
		{3A477E03-9489-41B6-B431-805F889A465B}.Debug|Any CPU.Build.0 = Debug|Any CPU
		{3A477E03-9489-41B6-B431-805F889A465B}.Debug|x64.ActiveCfg = Debug|x64
		{3A477E03-9489-41B6-B431-805F889A465B}.Debug|x64.Build.0 = Debug|x64
		{3A477E03-9489-41B6-B431-805F889A465B}.Release|Any CPU.ActiveCfg = Release|Any CPU
		{3A477E03-9489-41B6-B431-805F889A465B}.Release|Any CPU.Build.0 = Release|Any CPU
		{3A477E03-9489-41B6-B431-805F889A465B}.Release|x64.ActiveCfg = Release|x64
		{3A477E03-9489-41B6-B431-805F889A465B}.Release|x64.Build.0 = Release|x64
	EndGlobalSection
	GlobalSection(SolutionProperties) = preSolution
		HideSolutionNode = FALSE
	EndGlobalSection
	GlobalSection(ExtensibilityGlobals) = postSolution
		SolutionGuid = {FDDA7531-739F-4B1E-858D-A56736D06109}
	EndGlobalSection
EndGlobal
