
Microsoft Visual Studio Solution File, Format Version 12.00
# Visual Studio Version 17
VisualStudioVersion = 17.6.33723.286
MinimumVisualStudioVersion = 10.0.40219.1
Project("{FAE04EC0-301F-11D3-BF4B-00C04F79EFBC}") = "LogProviderExample", "LogProviderExample\LogProviderExample.csproj", "{E4B2ACB2-B39A-403A-90A7-2FD8C7C81504}"
EndProject
Global
	GlobalSection(SolutionConfigurationPlatforms) = preSolution
		Debug|Any CPU = Debug|Any CPU
		Release|Any CPU = Release|Any CPU
	EndGlobalSection
	GlobalSection(ProjectConfigurationPlatforms) = postSolution
		{E4B2ACB2-B39A-403A-90A7-2FD8C7C81504}.Debug|Any CPU.ActiveCfg = Debug|Any CPU
		{E4B2ACB2-B39A-403A-90A7-2FD8C7C81504}.Debug|Any CPU.Build.0 = Debug|Any CPU
		{E4B2ACB2-B39A-403A-90A7-2FD8C7C81504}.Release|Any CPU.ActiveCfg = Release|Any CPU
		{E4B2ACB2-B39A-403A-90A7-2FD8C7C81504}.Release|Any CPU.Build.0 = Release|Any CPU
	EndGlobalSection
	GlobalSection(SolutionProperties) = preSolution
		HideSolutionNode = FALSE
	EndGlobalSection
	GlobalSection(ExtensibilityGlobals) = postSolution
		SolutionGuid = {5189CB2A-5125-49DB-B0D0-33A8D117289E}
	EndGlobalSection
EndGlobal
